
Microsoft Visual Studio Solution File, Format Version 12.00
Project("{F2A71F9B-5D33-465A-A702-920D77279786}") = "FSharpDynamoDbLock", "src\FSharpDynamoDbLock.fsproj", "{C2278AB3-CDCF-4BFE-A684-CC42AFDAEF7B}"
EndProject
Project("{F2A71F9B-5D33-465A-A702-920D77279786}") = "FSharpDynamoDbLockTests", "tests\FSharpDynamoDbLockTests.fsproj", "{DBD3F48D-5AC5-445F-B2FD-97329E9806C3}"
EndProject
Global
	GlobalSection(SolutionConfigurationPlatforms) = preSolution
		Debug|Any CPU = Debug|Any CPU
		Release|Any CPU = Release|Any CPU
	EndGlobalSection
	GlobalSection(SolutionProperties) = preSolution
		HideSolutionNode = FALSE
	EndGlobalSection
	GlobalSection(ProjectConfigurationPlatforms) = postSolution
		{C2278AB3-CDCF-4BFE-A684-CC42AFDAEF7B}.Debug|Any CPU.ActiveCfg = Debug|Any CPU
		{C2278AB3-CDCF-4BFE-A684-CC42AFDAEF7B}.Debug|Any CPU.Build.0 = Debug|Any CPU
		{C2278AB3-CDCF-4BFE-A684-CC42AFDAEF7B}.Release|Any CPU.ActiveCfg = Release|Any CPU
		{C2278AB3-CDCF-4BFE-A684-CC42AFDAEF7B}.Release|Any CPU.Build.0 = Release|Any CPU
		{DBD3F48D-5AC5-445F-B2FD-97329E9806C3}.Debug|Any CPU.ActiveCfg = Debug|Any CPU
		{DBD3F48D-5AC5-445F-B2FD-97329E9806C3}.Debug|Any CPU.Build.0 = Debug|Any CPU
		{DBD3F48D-5AC5-445F-B2FD-97329E9806C3}.Release|Any CPU.ActiveCfg = Release|Any CPU
		{DBD3F48D-5AC5-445F-B2FD-97329E9806C3}.Release|Any CPU.Build.0 = Release|Any CPU
	EndGlobalSection
EndGlobal
